// !$*UTF8*$!
{
	archiveVersion = 1;
	classes = {
	};
	objectVersion = 46;
	objects = {

/* Begin PBXBuildFile section */
		439C6A651D6DD57D0038EDF5 /* AppDelegate.swift in Sources */ = {isa = PBXBuildFile; fileRef = 439C6A641D6DD57D0038EDF5 /* AppDelegate.swift */; };
		439C6A671D6DD57D0038EDF5 /* BlueVC.swift in Sources */ = {isa = PBXBuildFile; fileRef = 439C6A661D6DD57D0038EDF5 /* BlueVC.swift */; };
		439C6A6C1D6DD57D0038EDF5 /* Assets.xcassets in Resources */ = {isa = PBXBuildFile; fileRef = 439C6A6B1D6DD57D0038EDF5 /* Assets.xcassets */; };
		439C6A6F1D6DD57D0038EDF5 /* LaunchScreen.storyboard in Resources */ = {isa = PBXBuildFile; fileRef = 439C6A6D1D6DD57D0038EDF5 /* LaunchScreen.storyboard */; };
		439C6A771D6DD6610038EDF5 /* BlueVC.xib in Resources */ = {isa = PBXBuildFile; fileRef = 439C6A761D6DD6610038EDF5 /* BlueVC.xib */; };
		439C6A7D1D6DD9210038EDF5 /* YelowVC.swift in Sources */ = {isa = PBXBuildFile; fileRef = 439C6A7B1D6DD9210038EDF5 /* YelowVC.swift */; };
		439C6A7E1D6DD9210038EDF5 /* YelowVC.xib in Resources */ = {isa = PBXBuildFile; fileRef = 439C6A7C1D6DD9210038EDF5 /* YelowVC.xib */; };
/* End PBXBuildFile section */

/* Begin PBXFileReference section */
		439C6A611D6DD57D0038EDF5 /* No-Storyboard App XIBs.app */ = {isa = PBXFileReference; explicitFileType = wrapper.application; includeInIndex = 0; path = "No-Storyboard App XIBs.app"; sourceTree = BUILT_PRODUCTS_DIR; };
		439C6A641D6DD57D0038EDF5 /* AppDelegate.swift */ = {isa = PBXFileReference; lastKnownFileType = sourcecode.swift; path = AppDelegate.swift; sourceTree = "<group>"; };
		439C6A661D6DD57D0038EDF5 /* BlueVC.swift */ = {isa = PBXFileReference; lastKnownFileType = sourcecode.swift; path = BlueVC.swift; sourceTree = "<group>"; };
		439C6A6B1D6DD57D0038EDF5 /* Assets.xcassets */ = {isa = PBXFileReference; lastKnownFileType = folder.assetcatalog; path = Assets.xcassets; sourceTree = "<group>"; };
		439C6A6E1D6DD57D0038EDF5 /* Base */ = {isa = PBXFileReference; lastKnownFileType = file.storyboard; name = Base; path = Base.lproj/LaunchScreen.storyboard; sourceTree = "<group>"; };
		439C6A701D6DD57D0038EDF5 /* Info.plist */ = {isa = PBXFileReference; lastKnownFileType = text.plist.xml; path = Info.plist; sourceTree = "<group>"; };
		439C6A761D6DD6610038EDF5 /* BlueVC.xib */ = {isa = PBXFileReference; fileEncoding = 4; lastKnownFileType = file.xib; path = BlueVC.xib; sourceTree = "<group>"; };
		439C6A7B1D6DD9210038EDF5 /* YelowVC.swift */ = {isa = PBXFileReference; fileEncoding = 4; lastKnownFileType = sourcecode.swift; path = YelowVC.swift; sourceTree = "<group>"; };
		439C6A7C1D6DD9210038EDF5 /* YelowVC.xib */ = {isa = PBXFileReference; fileEncoding = 4; lastKnownFileType = file.xib; path = YelowVC.xib; sourceTree = "<group>"; };
/* End PBXFileReference section */

/* Begin PBXFrameworksBuildPhase section */
		439C6A5E1D6DD57D0038EDF5 /* Frameworks */ = {
			isa = PBXFrameworksBuildPhase;
			buildActionMask = 2147483647;
			files = (
			);
			runOnlyForDeploymentPostprocessing = 0;
		};
/* End PBXFrameworksBuildPhase section */

/* Begin PBXGroup section */
		439C6A581D6DD57D0038EDF5 = {
			isa = PBXGroup;
			children = (
				439C6A631D6DD57D0038EDF5 /* No-Storyboard App XIBs */,
				439C6A621D6DD57D0038EDF5 /* Products */,
			);
			sourceTree = "<group>";
		};
		439C6A621D6DD57D0038EDF5 /* Products */ = {
			isa = PBXGroup;
			children = (
				439C6A611D6DD57D0038EDF5 /* No-Storyboard App XIBs.app */,
			);
			name = Products;
			sourceTree = "<group>";
		};
		439C6A631D6DD57D0038EDF5 /* No-Storyboard App XIBs */ = {
			isa = PBXGroup;
			children = (
				439C6A7A1D6DD68B0038EDF5 /* Model */,
				439C6A791D6DD6800038EDF5 /* Controller */,
				439C6A781D6DD67A0038EDF5 /* View */,
				439C6A641D6DD57D0038EDF5 /* AppDelegate.swift */,
				439C6A6B1D6DD57D0038EDF5 /* Assets.xcassets */,
				439C6A6D1D6DD57D0038EDF5 /* LaunchScreen.storyboard */,
				439C6A701D6DD57D0038EDF5 /* Info.plist */,
			);
			path = "No-Storyboard App XIBs";
			sourceTree = "<group>";
		};
		439C6A781D6DD67A0038EDF5 /* View */ = {
			isa = PBXGroup;
			children = (
				439C6A761D6DD6610038EDF5 /* BlueVC.xib */,
				439C6A7C1D6DD9210038EDF5 /* YelowVC.xib */,
			);
			name = View;
			sourceTree = "<group>";
		};
		439C6A791D6DD6800038EDF5 /* Controller */ = {
			isa = PBXGroup;
			children = (
				439C6A661D6DD57D0038EDF5 /* BlueVC.swift */,
				439C6A7B1D6DD9210038EDF5 /* YelowVC.swift */,
			);
			name = Controller;
			sourceTree = "<group>";
		};
		439C6A7A1D6DD68B0038EDF5 /* Model */ = {
			isa = PBXGroup;
			children = (
			);
			name = Model;
			sourceTree = "<group>";
		};
/* End PBXGroup section */

/* Begin PBXNativeTarget section */
		439C6A601D6DD57D0038EDF5 /* No-Storyboard App XIBs */ = {
			isa = PBXNativeTarget;
			buildConfigurationList = 439C6A731D6DD57D0038EDF5 /* Build configuration list for PBXNativeTarget "No-Storyboard App XIBs" */;
			buildPhases = (
				439C6A5D1D6DD57D0038EDF5 /* Sources */,
				439C6A5E1D6DD57D0038EDF5 /* Frameworks */,
				439C6A5F1D6DD57D0038EDF5 /* Resources */,
			);
			buildRules = (
			);
			dependencies = (
			);
			name = "No-Storyboard App XIBs";
			productName = "No-Storyboard App XIBs";
			productReference = 439C6A611D6DD57D0038EDF5 /* No-Storyboard App XIBs.app */;
			productType = "com.apple.product-type.application";
		};
/* End PBXNativeTarget section */

/* Begin PBXProject section */
		439C6A591D6DD57D0038EDF5 /* Project object */ = {
			isa = PBXProject;
			attributes = {
				LastSwiftUpdateCheck = 0730;
				LastUpgradeCheck = 0730;
				ORGANIZATIONNAME = HoangTV;
				TargetAttributes = {
					439C6A601D6DD57D0038EDF5 = {
						CreatedOnToolsVersion = 7.3;
					};
				};
			};
			buildConfigurationList = 439C6A5C1D6DD57D0038EDF5 /* Build configuration list for PBXProject "No-Storyboard App XIBs" */;
			compatibilityVersion = "Xcode 3.2";
			developmentRegion = English;
			hasScannedForEncodings = 0;
			knownRegions = (
				en,
				Base,
			);
			mainGroup = 439C6A581D6DD57D0038EDF5;
			productRefGroup = 439C6A621D6DD57D0038EDF5 /* Products */;
			projectDirPath = "";
			projectRoot = "";
			targets = (
				439C6A601D6DD57D0038EDF5 /* No-Storyboard App XIBs */,
			);
		};
/* End PBXProject section */

/* Begin PBXResourcesBuildPhase section */
		439C6A5F1D6DD57D0038EDF5 /* Resources */ = {
			isa = PBXResourcesBuildPhase;
			buildActionMask = 2147483647;
			files = (
				439C6A771D6DD6610038EDF5 /* BlueVC.xib in Resources */,
				439C6A7E1D6DD9210038EDF5 /* YelowVC.xib in Resources */,
				439C6A6F1D6DD57D0038EDF5 /* LaunchScreen.storyboard in Resources */,
				439C6A6C1D6DD57D0038EDF5 /* Assets.xcassets in Resources */,
			);
			runOnlyForDeploymentPostprocessing = 0;
		};
/* End PBXResourcesBuildPhase section */

/* Begin PBXSourcesBuildPhase section */
		439C6A5D1D6DD57D0038EDF5 /* Sources */ = {
			isa = PBXSourcesBuildPhase;
			buildActionMask = 2147483647;
			files = (
				439C6A7D1D6DD9210038EDF5 /* YelowVC.swift in Sources */,
				439C6A671D6DD57D0038EDF5 /* BlueVC.swift in Sources */,
				439C6A651D6DD57D0038EDF5 /* AppDelegate.swift in Sources */,
			);
			runOnlyForDeploymentPostprocessing = 0;
		};
/* End PBXSourcesBuildPhase section */

/* Begin PBXVariantGroup section */
		439C6A6D1D6DD57D0038EDF5 /* LaunchScreen.storyboard */ = {
			isa = PBXVariantGroup;
			children = (
				439C6A6E1D6DD57D0038EDF5 /* Base */,
			);
			name = LaunchScreen.storyboard;
			sourceTree = "<group>";
		};
/* End PBXVariantGroup section */

/* Begin XCBuildConfiguration section */
		439C6A711D6DD57D0038EDF5 /* Debug */ = {
			isa = XCBuildConfiguration;
			buildSettings = {
				ALWAYS_SEARCH_USER_PATHS = NO;
				CLANG_ANALYZER_NONNULL = YES;
				CLANG_CXX_LANGUAGE_STANDARD = "gnu++0x";
				CLANG_CXX_LIBRARY = "libc++";
				CLANG_ENABLE_MODULES = YES;
				CLANG_ENABLE_OBJC_ARC = YES;
				CLANG_WARN_BOOL_CONVERSION = YES;
				CLANG_WARN_CONSTANT_CONVERSION = YES;
				CLANG_WARN_DIRECT_OBJC_ISA_USAGE = YES_ERROR;
				CLANG_WARN_EMPTY_BODY = YES;
				CLANG_WARN_ENUM_CONVERSION = YES;
				CLANG_WARN_INT_CONVERSION = YES;
				CLANG_WARN_OBJC_ROOT_CLASS = YES_ERROR;
				CLANG_WARN_UNREACHABLE_CODE = YES;
				CLANG_WARN__DUPLICATE_METHOD_MATCH = YES;
				"CODE_SIGN_IDENTITY[sdk=iphoneos*]" = "iPhone Developer";
				COPY_PHASE_STRIP = NO;
				DEBUG_INFORMATION_FORMAT = dwarf;
				ENABLE_STRICT_OBJC_MSGSEND = YES;
				ENABLE_TESTABILITY = YES;
				GCC_C_LANGUAGE_STANDARD = gnu99;
				GCC_DYNAMIC_NO_PIC = NO;
				GCC_NO_COMMON_BLOCKS = YES;
				GCC_OPTIMIZATION_LEVEL = 0;
				GCC_PREPROCESSOR_DEFINITIONS = (
					"DEBUG=1",
					"$(inherited)",
				);
				GCC_WARN_64_TO_32_BIT_CONVERSION = YES;
				GCC_WARN_ABOUT_RETURN_TYPE = YES_ERROR;
				GCC_WARN_UNDECLARED_SELECTOR = YES;
				GCC_WARN_UNINITIALIZED_AUTOS = YES_AGGRESSIVE;
				GCC_WARN_UNUSED_FUNCTION = YES;
				GCC_WARN_UNUSED_VARIABLE = YES;
				IPHONEOS_DEPLOYMENT_TARGET = 9.3;
				MTL_ENABLE_DEBUG_INFO = YES;
				ONLY_ACTIVE_ARCH = YES;
				SDKROOT = iphoneos;
				SWIFT_OPTIMIZATION_LEVEL = "-Onone";
				TARGETED_DEVICE_FAMILY = "1,2";
			};
			name = Debug;
		};
		439C6A721D6DD57D0038EDF5 /* Release */ = {
			isa = XCBuildConfiguration;
			buildSettings = {
				ALWAYS_SEARCH_USER_PATHS = NO;
				CLANG_ANALYZER_NONNULL = YES;
				CLANG_CXX_LANGUAGE_STANDARD = "gnu++0x";
				CLANG_CXX_LIBRARY = "libc++";
				CLANG_ENABLE_MODULES = YES;
				CLANG_ENABLE_OBJC_ARC = YES;
				CLANG_WARN_BOOL_CONVERSION = YES;
				CLANG_WARN_CONSTANT_CONVERSION = YES;
				CLANG_WARN_DIRECT_OBJC_ISA_USAGE = YES_ERROR;
				CLANG_WARN_EMPTY_BODY = YES;
				CLANG_WARN_ENUM_CONVERSION = YES;
				CLANG_WARN_INT_CONVERSION = YES;
				CLANG_WARN_OBJC_ROOT_CLASS = YES_ERROR;
				CLANG_WARN_UNREACHABLE_CODE = YES;
				CLANG_WARN__DUPLICATE_METHOD_MATCH = YES;
				"CODE_SIGN_IDENTITY[sdk=iphoneos*]" = "iPhone Developer";
				COPY_PHASE_STRIP = NO;
				DEBUG_INFORMATION_FORMAT = "dwarf-with-dsym";
				ENABLE_NS_ASSERTIONS = NO;
				ENABLE_STRICT_OBJC_MSGSEND = YES;
				GCC_C_LANGUAGE_STANDARD = gnu99;
				GCC_NO_COMMON_BLOCKS = YES;
				GCC_WARN_64_TO_32_BIT_CONVERSION = YES;
				GCC_WARN_ABOUT_RETURN_TYPE = YES_ERROR;
				GCC_WARN_UNDECLARED_SELECTOR = YES;
				GCC_WARN_UNINITIALIZED_AUTOS = YES_AGGRESSIVE;
				GCC_WARN_UNUSED_FUNCTION = YES;
				GCC_WARN_UNUSED_VARIABLE = YES;
				IPHONEOS_DEPLOYMENT_TARGET = 9.3;
				MTL_ENABLE_DEBUG_INFO = NO;
				SDKROOT = iphoneos;
				TARGETED_DEVICE_FAMILY = "1,2";
				VALIDATE_PRODUCT = YES;
			};
			name = Release;
		};
		439C6A741D6DD57D0038EDF5 /* Debug */ = {
			isa = XCBuildConfiguration;
			buildSettings = {
				ASSETCATALOG_COMPILER_APPICON_NAME = AppIcon;
				INFOPLIST_FILE = "No-Storyboard App XIBs/Info.plist";
				LD_RUNPATH_SEARCH_PATHS = "$(inherited) @executable_path/Frameworks";
				PRODUCT_BUNDLE_IDENTIFIER = "hoangtv.vn.No-Storyboard-App-XIBs";
				PRODUCT_NAME = "$(TARGET_NAME)";
			};
			name = Debug;
		};
		439C6A751D6DD57D0038EDF5 /* Release */ = {
			isa = XCBuildConfiguration;
			buildSettings = {
				ASSETCATALOG_COMPILER_APPICON_NAME = AppIcon;
				INFOPLIST_FILE = "No-Storyboard App XIBs/Info.plist";
				LD_RUNPATH_SEARCH_PATHS = "$(inherited) @executable_path/Frameworks";
				PRODUCT_BUNDLE_IDENTIFIER = "hoangtv.vn.No-Storyboard-App-XIBs";
				PRODUCT_NAME = "$(TARGET_NAME)";
			};
			name = Release;
		};
/* End XCBuildConfiguration section */

/* Begin XCConfigurationList section */
		439C6A5C1D6DD57D0038EDF5 /* Build configuration list for PBXProject "No-Storyboard App XIBs" */ = {
			isa = XCConfigurationList;
			buildConfigurations = (
				439C6A711D6DD57D0038EDF5 /* Debug */,
				439C6A721D6DD57D0038EDF5 /* Release */,
			);
			defaultConfigurationIsVisible = 0;
			defaultConfigurationName = Release;
		};
		439C6A731D6DD57D0038EDF5 /* Build configuration list for PBXNativeTarget "No-Storyboard App XIBs" */ = {
			isa = XCConfigurationList;
			buildConfigurations = (
				439C6A741D6DD57D0038EDF5 /* Debug */,
				439C6A751D6DD57D0038EDF5 /* Release */,
			);
			defaultConfigurationIsVisible = 0;
		};
/* End XCConfigurationList section */
	};
	rootObject = 439C6A591D6DD57D0038EDF5 /* Project object */;
}
